# This file was autogenerated by Stack.
# You should not edit this file by hand.
# For more information, please see the documentation at:
#   https://docs.haskellstack.org/en/stable/lock_files

packages:
- completed:
    size: 647022
    url: https://github.com/AccelerateHS/accelerate/archive/170a2474705544bc4037f0ac2814a44edeb0790e.tar.gz
    name: accelerate
    version: 1.4.0.0
    sha256: f563c970f5c14d32e524b489acd6d53b9a31d5eb71357717758bf7027b0f163b
    pantry-tree:
      size: 13661
      sha256: d3adf4cbd2d2f74777d0a3b1f2bf988b88c4864964f40757db4ca42ea39c45de
  original:
    url: https://github.com/AccelerateHS/accelerate/archive/170a2474705544bc4037f0ac2814a44edeb0790e.tar.gz
- completed:
    size: 262471
    subdir: accelerate-llvm
    url: https://github.com/AccelerateHS/accelerate-llvm/archive/55ca08348002d69e54a146657cb15867582d0133.tar.gz
    name: accelerate-llvm
    version: 1.4.0.0
    sha256: 0886d8c4d8ef5e86bd6d807dd96b9f4e51066bed44f2e7e18339e868c2c18700
    pantry-tree:
      size: 5452
      sha256: 7a758b0c0735dbf27e6a4a35e2142478011c3f146abf6c454fffe6935b835041
  original:
    subdir: accelerate-llvm
    url: https://github.com/AccelerateHS/accelerate-llvm/archive/55ca08348002d69e54a146657cb15867582d0133.tar.gz
- completed:
    size: 262471
    subdir: accelerate-llvm-ptx
    url: https://github.com/AccelerateHS/accelerate-llvm/archive/55ca08348002d69e54a146657cb15867582d0133.tar.gz
    name: accelerate-llvm-ptx
    version: 1.4.0.0
    sha256: 0886d8c4d8ef5e86bd6d807dd96b9f4e51066bed44f2e7e18339e868c2c18700
    pantry-tree:
      size: 4775
      sha256: ae97951d666ef0ce2d594dc49810cff461a60c6cbd5f9cdada4cae10ea61b1dc
  original:
    subdir: accelerate-llvm-ptx
    url: https://github.com/AccelerateHS/accelerate-llvm/archive/55ca08348002d69e54a146657cb15867582d0133.tar.gz
- completed:
    size: 813119
    url: https://github.com/tmcdonell/cuda/archive/bf6efc8f9118caac91bde8c9535970f7ab645ead.tar.gz
    name: cuda
    version: 0.10.1.1
    sha256: 5bbf89e78d86444a752db1c623f59a7994d8166e25cac86a499cb82aebad97b5
    pantry-tree:
      size: 10251
      sha256: 7c8e46aad8e5e4bd679896828aecf5fcd5b85b6c029575c5ec27af0d9c71a0fe
  original:
    url: https://github.com/tmcdonell/cuda/archive/bf6efc8f9118caac91bde8c9535970f7ab645ead.tar.gz
- completed:
    size: 127651
    url: https://github.com/davidsd/distributed-process/archive/144818f5174522ee4a027a4681ec047e0567c11b.tar.gz
    name: distributed-process
    version: 0.7.4
    sha256: 99f84eb0150ebb112523584f39176a5213b82f416c07875b632c5bd1f38daa00
    pantry-tree:
      size: 5756
      sha256: c124c046e9151f1bc6bed4f069e195858f3f7e7bee3d8d2c2be46197b2846c94
  original:
    url: https://github.com/davidsd/distributed-process/archive/144818f5174522ee4a027a4681ec047e0567c11b.tar.gz
- completed:
    hackage: distributed-process-simplelocalnet-0.2.4@sha256:044a003f81a648f9fb9b1c7ae9cd8f753f5f1c32d9db5ff8b31e91e91f525ed7,3189
    pantry-tree:
      size: 510
      sha256: 68e2d25618d8f791d780369ba2237119acc597f6964ec00e11dbf0c796f10c1e
  original:
    hackage: distributed-process-simplelocalnet-0.2.4
- completed:
    hackage: distributed-static-0.3.9@sha256:0eb308ee416db4541cb5b4d2dff387e7c9394e6deaf76b7e829ce46add4448bc,2237
    pantry-tree:
      size: 286
      sha256: 4f42a4fe0ce97fb4a1ae2c947b6077ee718a5f11545a72387c13a0edc405d28e
  original:
    hackage: distributed-static-0.3.9
- completed:
    hackage: network-2.6.3.6@sha256:1ca79d81af02d7acd6032d5e6c9bde4618a8fdcfbe19bd42b49d420183975df0,2666
    pantry-tree:
      size: 2254
      sha256: 56285baa11d679521837e1f41311a1aeafa522e7637d408d3decd99c083edba1
  original:
    hackage: network-2.6.3.6
- completed:
    hackage: network-multicast-0.2.0@sha256:7cc2bd715f98ab0d891e8893b60a9a0048b5ae5b804acea96849f4ecf7260ac2,1009
    pantry-tree:
      size: 346
      sha256: 79cfc56a8ad0e08c357d44b7095705b944ea2f62c37114ba90f330ceaed1bd63
  original:
    hackage: network-multicast-0.2.0
- completed:
    hackage: network-transport-tcp-0.6.1@sha256:04cf5c191eb2b93b2941027840e26ed47ab76a68e37ec958ed0feeefa285da86,3399
    pantry-tree:
      size: 651
      sha256: 47e83b8a3283d80a5d646d7298a70b0488d036515ac4ba7432b41f2d225de1de
  original:
    hackage: network-transport-tcp-0.6.1
- completed:
    size: 23229
    url: https://github.com/tmcdonell/nvvm/archive/219637eab3aab7275ce0a0c9b0e1855be912fe8a.tar.gz
    name: nvvm
    version: 0.10.0.0
    sha256: fa02c518ce5cef42960474789a4f1a50a9dc33c07e7c180bc7db63e69d092856
    pantry-tree:
      size: 1534
      sha256: 63c3b9c32cbef7d3651e3c5964e8be8756d35a271db6a8086165de3e37ac27ac
  original:
    url: https://github.com/tmcdonell/nvvm/archive/219637eab3aab7275ce0a0c9b0e1855be912fe8a.tar.gz
- completed:
    hackage: repa-3.4.1.4@sha256:70ef4758937baa29be1ac0a78ecbccf341b3f276c9efb632b4829eea80445e2d,3315
    pantry-tree:
      size: 2965
      sha256: 294773b0e6be4a4198133715d4c7f2d0d8e5aec4adea7e59578d1b3823a7879d
  original:
    hackage: repa-3.4.1.4
- completed:
    hackage: repa-devil-0.3.2.6@sha256:b58a7beaad814abe90f68332fffe05748f2af14fef0dfd3352d52c27fae6924d,2131
    pantry-tree:
      size: 224
      sha256: 2703ca3f4d696acc174103b14acea3e36470977f62300058f2834c45c5416469
  original:
    hackage: repa-devil-0.3.2.6
snapshots:
- completed:
    size: 531237
    url: https://raw.githubusercontent.com/commercialhaskell/stackage-snapshots/master/lts/16/0.yaml
    sha256: 210e15b7043e2783115afe16b0d54914b1611cdaa73f3ca3ca7f8e0847ff54e5
  original: lts-16.0
