# This file was autogenerated by Stack.
# You should not edit this file by hand.
# For more information, please see the documentation at:
#   https://docs.haskellstack.org/en/stable/lock_files

packages:
- completed:
    hackage: accelerate-1.2.0.1@sha256:bb1928efe602545df4043692916ed427c959110cbd678d03c3f9c3be25d1ae88,20112
    pantry-tree:
      size: 10790
      sha256: 8a4fbbb91a5a4ff77ebcc8f65ab5288874127f5f2e86304fad1b4c5d8186af5e
  original:
    hackage: accelerate-1.2.0.1
- completed:
    hackage: accelerate-io-1.2.0.0@sha256:38c70d38ec7ea48b5b8cf1c5e6add0a3285db95593d844243bccb0702e201e71,3556
    pantry-tree:
      size: 1911
      sha256: 1540bba87fec735d25597d34259a3e53ba7e5e2a910c5355d5541c0f4141b0cf
  original:
    hackage: accelerate-io-1.2.0.0
- completed:
    hackage: accelerate-llvm-1.2.0.1@sha256:e794b1abfea5424671d84d5d69bb9ccf468af9adaa481f9adaa78c42538a9cda,7206
    pantry-tree:
      size: 5092
      sha256: 0328dda508b97c14ed2731f61796fe5140abb3e5038ed7ac244e3be256dd8d0b
  original:
    hackage: accelerate-llvm-1.2.0.1
- completed:
    hackage: accelerate-llvm-ptx-1.2.0.1@sha256:0ddd8f0f8a379a400dd82ad01c319fa4b13a64146b4e05beed5c486f1f2269f7,7020
    pantry-tree:
      size: 4122
      sha256: d99b9fb448b8d82c7e8406c78a720bc0a3b3840481ae0a8be0480e6275444523
  original:
    hackage: accelerate-llvm-ptx-1.2.0.1
- completed:
    hackage: repa-devil-0.3.2.6@sha256:b58a7beaad814abe90f68332fffe05748f2af14fef0dfd3352d52c27fae6924d,2131
    pantry-tree:
      size: 224
      sha256: 2703ca3f4d696acc174103b14acea3e36470977f62300058f2834c45c5416469
  original:
    hackage: repa-devil-0.3.2.6
snapshots:
- completed:
    size: 524996
    url: https://raw.githubusercontent.com/commercialhaskell/stackage-snapshots/master/lts/14/27.yaml
    sha256: 7ea31a280c56bf36ff591a7397cc384d0dff622e7f9e4225b47d8980f019a0f0
  original: lts-14.27
